
Microsoft Visual Studio Solution File, Format Version 12.00
# Visual Studio Version 17
VisualStudioVersion = 17.2.32602.215
MinimumVisualStudioVersion = 10.0.40219.1
Project("{FAE04EC0-301F-11D3-BF4B-00C04F79EFBC}") = "API_DenDenMushi", "API_DenDenMushi\API_DenDenMushi.csproj", "{A753FE6B-5806-4169-811E-0D4432FD95C9}"
EndProject
Global
	GlobalSection(SolutionConfigurationPlatforms) = preSolution
		Debug|Any CPU = Debug|Any CPU
		Release|Any CPU = Release|Any CPU
	EndGlobalSection
	GlobalSection(ProjectConfigurationPlatforms) = postSolution
		{A753FE6B-5806-4169-811E-0D4432FD95C9}.Debug|Any CPU.ActiveCfg = Debug|Any CPU
		{A753FE6B-5806-4169-811E-0D4432FD95C9}.Debug|Any CPU.Build.0 = Debug|Any CPU
		{A753FE6B-5806-4169-811E-0D4432FD95C9}.Release|Any CPU.ActiveCfg = Release|Any CPU
		{A753FE6B-5806-4169-811E-0D4432FD95C9}.Release|Any CPU.Build.0 = Release|Any CPU
	EndGlobalSection
	GlobalSection(SolutionProperties) = preSolution
		HideSolutionNode = FALSE
	EndGlobalSection
	GlobalSection(ExtensibilityGlobals) = postSolution
		SolutionGuid = {328B5EC8-9C66-4468-8F0C-96A6CA7AD6D1}
	EndGlobalSection
EndGlobal
